
Microsoft Visual Studio Solution File, Format Version 12.00
# Visual Studio Version 17
VisualStudioVersion = 17.6.33815.320
MinimumVisualStudioVersion = 10.0.40219.1
Project("{FAE04EC0-301F-11D3-BF4B-00C04F79EFBC}") = "CorrigoTestProject", "CorrigoTestProject\CorrigoTestProject.csproj", "{BFF511E5-EAB5-4BF2-9E9D-E11ECBD4DB06}"
EndProject
Global
	GlobalSection(SolutionConfigurationPlatforms) = preSolution
		Debug|Any CPU = Debug|Any CPU
		Release|Any CPU = Release|Any CPU
	EndGlobalSection
	GlobalSection(ProjectConfigurationPlatforms) = postSolution
		{BFF511E5-EAB5-4BF2-9E9D-E11ECBD4DB06}.Debug|Any CPU.ActiveCfg = Debug|Any CPU
		{BFF511E5-EAB5-4BF2-9E9D-E11ECBD4DB06}.Debug|Any CPU.Build.0 = Debug|Any CPU
		{BFF511E5-EAB5-4BF2-9E9D-E11ECBD4DB06}.Release|Any CPU.ActiveCfg = Release|Any CPU
		{BFF511E5-EAB5-4BF2-9E9D-E11ECBD4DB06}.Release|Any CPU.Build.0 = Release|Any CPU
	EndGlobalSection
	GlobalSection(SolutionProperties) = preSolution
		HideSolutionNode = FALSE
	EndGlobalSection
	GlobalSection(ExtensibilityGlobals) = postSolution
		SolutionGuid = {8760431D-F3C6-4E57-B48E-E1942A83DB96}
	EndGlobalSection
EndGlobal
